
Microsoft Visual Studio Solution File, Format Version 12.00
# Visual Studio Version 17
VisualStudioVersion = 17.13.35825.156 d17.13
MinimumVisualStudioVersion = 10.0.40219.1
Project("{FAE04EC0-301F-11D3-BF4B-00C04F79EFBC}") = "asp_core_crud", "asp_core_crud\asp_core_crud.csproj", "{73FE3150-3A0D-4F7B-B654-A0D598A62BAD}"
EndProject
Global
	GlobalSection(SolutionConfigurationPlatforms) = preSolution
		Debug|Any CPU = Debug|Any CPU
		Release|Any CPU = Release|Any CPU
	EndGlobalSection
	GlobalSection(ProjectConfigurationPlatforms) = postSolution
		{73FE3150-3A0D-4F7B-B654-A0D598A62BAD}.Debug|Any CPU.ActiveCfg = Debug|Any CPU
		{73FE3150-3A0D-4F7B-B654-A0D598A62BAD}.Debug|Any CPU.Build.0 = Debug|Any CPU
		{73FE3150-3A0D-4F7B-B654-A0D598A62BAD}.Release|Any CPU.ActiveCfg = Release|Any CPU
		{73FE3150-3A0D-4F7B-B654-A0D598A62BAD}.Release|Any CPU.Build.0 = Release|Any CPU
	EndGlobalSection
	GlobalSection(SolutionProperties) = preSolution
		HideSolutionNode = FALSE
	EndGlobalSection
	GlobalSection(ExtensibilityGlobals) = postSolution
		SolutionGuid = {F4DF2373-9ED4-414D-A57C-4E23CABE7818}
	EndGlobalSection
EndGlobal
